
Microsoft Visual Studio Solution File, Format Version 12.00
# Visual Studio Version 17
VisualStudioVersion = 17.0.31903.59
MinimumVisualStudioVersion = 10.0.40219.1
Project("{2150E333-8FDC-42A3-9474-1A3956D46DE8}") = "src", "src", "{827E0CD3-B72D-47B6-A68D-7590B98EB39B}"
EndProject
Project("{FAE04EC0-301F-11D3-BF4B-00C04F79EFBC}") = "SimpleAPI", "src\SimpleAPI\SimpleAPI.csproj", "{8E59994A-8CBF-46C9-A2FC-9A5FCD6B83A5}"
EndProject
Project("{FAE04EC0-301F-11D3-BF4B-00C04F79EFBC}") = "SimpleAPI.Test", "test\SimpleAPI.Test\SimpleAPI.Test.csproj", "{520ECA6D-835D-4D66-BB7B-0465C2A42E45}"
EndProject
Global
	GlobalSection(SolutionConfigurationPlatforms) = preSolution
		Debug|Any CPU = Debug|Any CPU
		Debug|x64 = Debug|x64
		Debug|x86 = Debug|x86
		Release|Any CPU = Release|Any CPU
		Release|x64 = Release|x64
		Release|x86 = Release|x86
	EndGlobalSection
	GlobalSection(ProjectConfigurationPlatforms) = postSolution
		{8E59994A-8CBF-46C9-A2FC-9A5FCD6B83A5}.Debug|Any CPU.ActiveCfg = Debug|Any CPU
		{8E59994A-8CBF-46C9-A2FC-9A5FCD6B83A5}.Debug|Any CPU.Build.0 = Debug|Any CPU
		{8E59994A-8CBF-46C9-A2FC-9A5FCD6B83A5}.Debug|x64.ActiveCfg = Debug|Any CPU
		{8E59994A-8CBF-46C9-A2FC-9A5FCD6B83A5}.Debug|x64.Build.0 = Debug|Any CPU
		{8E59994A-8CBF-46C9-A2FC-9A5FCD6B83A5}.Debug|x86.ActiveCfg = Debug|Any CPU
		{8E59994A-8CBF-46C9-A2FC-9A5FCD6B83A5}.Debug|x86.Build.0 = Debug|Any CPU
		{8E59994A-8CBF-46C9-A2FC-9A5FCD6B83A5}.Release|Any CPU.ActiveCfg = Release|Any CPU
		{8E59994A-8CBF-46C9-A2FC-9A5FCD6B83A5}.Release|Any CPU.Build.0 = Release|Any CPU
		{8E59994A-8CBF-46C9-A2FC-9A5FCD6B83A5}.Release|x64.ActiveCfg = Release|Any CPU
		{8E59994A-8CBF-46C9-A2FC-9A5FCD6B83A5}.Release|x64.Build.0 = Release|Any CPU
		{8E59994A-8CBF-46C9-A2FC-9A5FCD6B83A5}.Release|x86.ActiveCfg = Release|Any CPU
		{8E59994A-8CBF-46C9-A2FC-9A5FCD6B83A5}.Release|x86.Build.0 = Release|Any CPU
		{520ECA6D-835D-4D66-BB7B-0465C2A42E45}.Debug|Any CPU.ActiveCfg = Debug|Any CPU
		{520ECA6D-835D-4D66-BB7B-0465C2A42E45}.Debug|Any CPU.Build.0 = Debug|Any CPU
		{520ECA6D-835D-4D66-BB7B-0465C2A42E45}.Debug|x64.ActiveCfg = Debug|Any CPU
		{520ECA6D-835D-4D66-BB7B-0465C2A42E45}.Debug|x64.Build.0 = Debug|Any CPU
		{520ECA6D-835D-4D66-BB7B-0465C2A42E45}.Debug|x86.ActiveCfg = Debug|Any CPU
		{520ECA6D-835D-4D66-BB7B-0465C2A42E45}.Debug|x86.Build.0 = Debug|Any CPU
		{520ECA6D-835D-4D66-BB7B-0465C2A42E45}.Release|Any CPU.ActiveCfg = Release|Any CPU
		{520ECA6D-835D-4D66-BB7B-0465C2A42E45}.Release|Any CPU.Build.0 = Release|Any CPU
		{520ECA6D-835D-4D66-BB7B-0465C2A42E45}.Release|x64.ActiveCfg = Release|Any CPU
		{520ECA6D-835D-4D66-BB7B-0465C2A42E45}.Release|x64.Build.0 = Release|Any CPU
		{520ECA6D-835D-4D66-BB7B-0465C2A42E45}.Release|x86.ActiveCfg = Release|Any CPU
		{520ECA6D-835D-4D66-BB7B-0465C2A42E45}.Release|x86.Build.0 = Release|Any CPU
	EndGlobalSection
	GlobalSection(SolutionProperties) = preSolution
		HideSolutionNode = FALSE
	EndGlobalSection
	GlobalSection(NestedProjects) = preSolution
		{8E59994A-8CBF-46C9-A2FC-9A5FCD6B83A5} = {827E0CD3-B72D-47B6-A68D-7590B98EB39B}
		{520ECA6D-835D-4D66-BB7B-0465C2A42E45} = {827E0CD3-B72D-47B6-A68D-7590B98EB39B}
	EndGlobalSection
EndGlobal
